PODS:
  - BigInt (3.1.0):
    - SipHash (~> 1.2)
  - CryptoSwift (0.9.0)
  - Nimble (7.0.3)
  - PromiseKit/CorePromise (6.2.4)
  - Quick (1.2.0)
  - secp256k1.swift (0.1.4)
  - SipHash (1.2.2)
  - Web3 (0.3.0):
    - Web3/Core (= 0.3.0)
    - Web3/HTTPExtension (= 0.3.0)
  - Web3/ContractABI (0.3.0):
    - Web3/Core
  - Web3/Core (0.3.0):
    - BigInt (~> 3.1)
    - CryptoSwift (~> 0.8)
    - secp256k1.swift (~> 0.1)
  - Web3/HTTPExtension (0.3.0):
    - Web3/Core
  - Web3/PromiseKit (0.3.0):
    - PromiseKit/CorePromise (~> 6.0)
    - Web3/Core

DEPENDENCIES:
  - Nimble (~> 7.0.2)
  - Quick (~> 1.2.0)
  - Web3 (from `../`)
  - Web3/ContractABI (from `../`)
  - Web3/PromiseKit (from `../`)

SPEC REPOS:
  https://github.com/cocoapods/specs.git:
    - BigInt
    - CryptoSwift
    - Nimble
    - PromiseKit
    - Quick
    - secp256k1.swift
    - SipHash

EXTERNAL SOURCES:
  Web3:
    :path: "../"

SPEC CHECKSUMS:
  BigInt: 76b5dfdfa3e2e478d4ffdf161aeede5502e2742f
  CryptoSwift: bca8c5b653dcc2d9734409242a070ff53bafac86
  Nimble: 7f5a9c447a33002645a071bddafbfb24ea70e0ac
  PromiseKit: 625b1fc69944fc839503748101c5968cf54b527b
  Quick: 58d203b1c5e27fff7229c4c1ae445ad7069a7a08
  secp256k1.swift: a7e7a214f6db6ce5db32cc6b2b45e5c4dd633634
  SipHash: fad90a4683e420c52ef28063063dbbce248ea6d4
  Web3: cbfa8062fe4dffd88249a1dbf51c845937f0dff3

PODFILE CHECKSUM: 50a96c0fbb540a167dac95d16fafaeb3da752eca

COCOAPODS: 1.5.3
