PODS:
  - BigInt (5.0.0)
  - CryptoSwift (1.3.1)
  - Nimble (8.0.9)
  - PromiseKit/CorePromise (6.13.1)
  - Quick (2.1.0)
  - secp256k1.swift (0.1.4)
  - Web3 (0.4.3):
    - Web3/Core (= 0.4.3)
    - Web3/HTTPExtension (= 0.4.3)
  - Web3/ContractABI (0.4.3):
    - Web3/Core
  - Web3/Core (0.4.3):
    - BigInt (~> 5.0)
    - CryptoSwift (~> 1.0)
    - secp256k1.swift (~> 0.1)
  - Web3/HTTPExtension (0.4.3):
    - Web3/Core
  - Web3/PromiseKit (0.4.3):
    - PromiseKit/CorePromise (~> 6.0)
    - Web3/Core

DEPENDENCIES:
  - Nimble (~> 8.0.2)
  - Quick (~> 2.1.0)
  - Web3 (from `../`)
  - Web3/ContractABI (from `../`)
  - Web3/PromiseKit (from `../`)

SPEC REPOS:
  trunk:
    - BigInt
    - CryptoSwift
    - Nimble
    - PromiseKit
    - Quick
    - secp256k1.swift

EXTERNAL SOURCES:
  Web3:
    :path: "../"

SPEC CHECKSUMS:
  BigInt: 74b4d88367b0e819d9f77393549226d36faeb0d8
  CryptoSwift: f12f037f6d0fcd6d48c96db0071b653de64e6c4d
  Nimble: 98b888285a615fd34f20e61753cf58ea1402bde4
  PromiseKit: 28fda91c973cc377875d8c0ea4f973013c05b6db
  Quick: 4be43f6634acfa727dd106bdf3929ce125ffa79d
  secp256k1.swift: a7e7a214f6db6ce5db32cc6b2b45e5c4dd633634
  Web3: ed254e8571db7d442737fcdc79357cc7e1b5c841

PODFILE CHECKSUM: eb77564a1c4f7b215467898368b05a3e1fde7eb9

COCOAPODS: 1.9.1
